
Microsoft Visual Studio Solution File, Format Version 12.00
# Visual Studio Version 17
VisualStudioVersion = 17.10.35122.118
MinimumVisualStudioVersion = 10.0.40219.1
Project("{2150E333-8FDC-42A3-9474-1A3956D46DE8}") = "Services", "Services", "{BF474DF9-AC53-40C0-A55D-5C98E240D71C}"
EndProject
Project("{2150E333-8FDC-42A3-9474-1A3956D46DE8}") = "Catalog", "Catalog", "{EF519E54-71CB-4EB0-8A62-B27BD82BA9B4}"
EndProject
Project("{9A19103F-16F7-4668-BE54-9A1E7A4F7556}") = "MultiShop.Catalog", "Services\Catalog\MultiShop.Catalog\MultiShop.Catalog.csproj", "{DFA7E9E5-32B3-4138-95CE-A1C4E106364B}"
EndProject
Project("{2150E333-8FDC-42A3-9474-1A3956D46DE8}") = "Discount", "Discount", "{1B3F0F88-3359-4CE7-94C7-D8078C382E4C}"
EndProject
Project("{9A19103F-16F7-4668-BE54-9A1E7A4F7556}") = "MultiShop.Discount", "Services\Discount\MultiShop.Discount\MultiShop.Discount.csproj", "{17C3E324-AA60-4A68-8498-B82E4CCA842E}"
EndProject
Project("{2150E333-8FDC-42A3-9474-1A3956D46DE8}") = "Order", "Order", "{6A9CBAF7-F96F-4CB8-BA8A-17366779B7FF}"
EndProject
Project("{2150E333-8FDC-42A3-9474-1A3956D46DE8}") = "Core", "Core", "{033A6075-FA7C-40EC-8CE1-FECF0161483A}"
EndProject
Project("{2150E333-8FDC-42A3-9474-1A3956D46DE8}") = "Infrastructure", "Infrastructure", "{B834FE0F-F79D-47CC-BEC8-CC025B910729}"
EndProject
Project("{2150E333-8FDC-42A3-9474-1A3956D46DE8}") = "Presentation", "Presentation", "{77FDD905-19EF-4075-A1C0-4E5AC70C5619}"
EndProject
Project("{9A19103F-16F7-4668-BE54-9A1E7A4F7556}") = "MultiShop.Order.Domain", "Services\Order\Core\MultiShop.Order.Domain\MultiShop.Order.Domain.csproj", "{0332533E-F0D9-449E-83AD-22B699CD473C}"
EndProject
Project("{9A19103F-16F7-4668-BE54-9A1E7A4F7556}") = "MultiShop.Order.Application", "Services\Order\MultiShop.Order.Application\MultiShop.Order.Application.csproj", "{EBF2009F-7339-4D16-AFD3-2BA280E96C4E}"
EndProject
Project("{9A19103F-16F7-4668-BE54-9A1E7A4F7556}") = "MultiShop.Order.Persistence", "Services\Order\Infastructure\MultiShop.Order.Persistence\MultiShop.Order.Persistence.csproj", "{7A698D6E-40D4-455D-ACE1-D03B6383C38E}"
EndProject
Project("{9A19103F-16F7-4668-BE54-9A1E7A4F7556}") = "MultiShop.Order.WebApi", "Services\Order\Core\MultiShop.Order.WebApi\MultiShop.Order.WebApi.csproj", "{561E028E-F28F-4EB6-9F0F-A3FE7B2AC984}"
EndProject
Project("{2150E333-8FDC-42A3-9474-1A3956D46DE8}") = "IdentityServer", "IdentityServer", "{BC9F896E-F8CB-4939-86B1-C5CBD27A1752}"
EndProject
Project("{9A19103F-16F7-4668-BE54-9A1E7A4F7556}") = "MultiShop.IdentityServer", "IdentityServer\MultiShop.IdentityServer\MultiShop.IdentityServer.csproj", "{87F0F398-9291-4F86-A54C-A249E027998A}"
EndProject
Project("{2150E333-8FDC-42A3-9474-1A3956D46DE8}") = "Requirements", "Requirements", "{492F913F-9B3B-4C0A-A5C0-732DE9539419}"
	ProjectSection(SolutionItems) = preProject
		PortNumbers.txt = PortNumbers.txt
	EndProjectSection
EndProject
Project("{2150E333-8FDC-42A3-9474-1A3956D46DE8}") = "Cargo", "Cargo", "{AABC299A-F9D6-4192-A83D-3910B92D7DD1}"
EndProject
Project("{9A19103F-16F7-4668-BE54-9A1E7A4F7556}") = "MultiShop.Cargo.EntityLayer", "Services\Cargo\MultiShop.Cargo.EntityLayer\MultiShop.Cargo.EntityLayer.csproj", "{41512B1D-787E-4663-8B8D-B2C776A2DD81}"
EndProject
Project("{9A19103F-16F7-4668-BE54-9A1E7A4F7556}") = "MultiShop.Cargo.BusinessLayer", "Services\Cargo\MultiShop.Cargo.BusinessLayer\MultiShop.Cargo.BusinessLayer.csproj", "{C3A0F94A-9BD4-4C9A-8EA3-749602505F9E}"
EndProject
Project("{9A19103F-16F7-4668-BE54-9A1E7A4F7556}") = "MultiShop.Cargo.DataAccessLayer", "Services\Cargo\MultiShop.Cargo.DataAccessLayer\MultiShop.Cargo.DataAccessLayer.csproj", "{C769676C-A6CB-49AB-96A2-308C437262E9}"
EndProject
Project("{9A19103F-16F7-4668-BE54-9A1E7A4F7556}") = "MultiShop.Cargo.DtoLayer", "Services\Cargo\MultiShop.Cargo.DtoLayer\MultiShop.Cargo.DtoLayer.csproj", "{1382372C-D30A-488E-BF3A-E2AA17F3B14D}"
EndProject
Project("{9A19103F-16F7-4668-BE54-9A1E7A4F7556}") = "MultiShop.Cargo.WebApi", "Services\Cargo\MultiShop.Cargo.WebApi\MultiShop.Cargo.WebApi.csproj", "{EE3C865B-9567-4FD7-86D7-C6DCF0E59C5B}"
EndProject
Project("{2150E333-8FDC-42A3-9474-1A3956D46DE8}") = "Basket", "Basket", "{90AB2D72-A977-47F1-AA6D-9AFBD897B22E}"
EndProject
Project("{9A19103F-16F7-4668-BE54-9A1E7A4F7556}") = "MultiShop.Basket", "Services\Basket\MultiShop.Basket\MultiShop.Basket.csproj", "{13281ACF-2B0A-43DF-9306-8A221737E275}"
EndProject
Project("{2150E333-8FDC-42A3-9474-1A3956D46DE8}") = "Frontend", "Frontend", "{7FF156A6-3142-4E71-BEFC-2FD5927E4810}"
EndProject
Project("{9A19103F-16F7-4668-BE54-9A1E7A4F7556}") = "MultiShop.WebUI", "Frontend\MultiShop.WebUI\MultiShop.WebUI.csproj", "{234B8411-BAC8-46F0-A935-4161E3FCF969}"
EndProject
Project("{FAE04EC0-301F-11D3-BF4B-00C04F79EFBC}") = "MultiShop.DtoLayer", "Frontend\MultiShop.DtoLayer\MultiShop.DtoLayer.csproj", "{45874D4A-4869-49A3-AF10-FFCA83E92622}"
EndProject
Global
	GlobalSection(SolutionConfigurationPlatforms) = preSolution
		Debug|Any CPU = Debug|Any CPU
		Release|Any CPU = Release|Any CPU
	EndGlobalSection
	GlobalSection(ProjectConfigurationPlatforms) = postSolution
		{DFA7E9E5-32B3-4138-95CE-A1C4E106364B}.Debug|Any CPU.ActiveCfg = Debug|Any CPU
		{DFA7E9E5-32B3-4138-95CE-A1C4E106364B}.Debug|Any CPU.Build.0 = Debug|Any CPU
		{DFA7E9E5-32B3-4138-95CE-A1C4E106364B}.Release|Any CPU.ActiveCfg = Release|Any CPU
		{DFA7E9E5-32B3-4138-95CE-A1C4E106364B}.Release|Any CPU.Build.0 = Release|Any CPU
		{17C3E324-AA60-4A68-8498-B82E4CCA842E}.Debug|Any CPU.ActiveCfg = Debug|Any CPU
		{17C3E324-AA60-4A68-8498-B82E4CCA842E}.Debug|Any CPU.Build.0 = Debug|Any CPU
		{17C3E324-AA60-4A68-8498-B82E4CCA842E}.Release|Any CPU.ActiveCfg = Release|Any CPU
		{17C3E324-AA60-4A68-8498-B82E4CCA842E}.Release|Any CPU.Build.0 = Release|Any CPU
		{0332533E-F0D9-449E-83AD-22B699CD473C}.Debug|Any CPU.ActiveCfg = Debug|Any CPU
		{0332533E-F0D9-449E-83AD-22B699CD473C}.Debug|Any CPU.Build.0 = Debug|Any CPU
		{0332533E-F0D9-449E-83AD-22B699CD473C}.Release|Any CPU.ActiveCfg = Release|Any CPU
		{0332533E-F0D9-449E-83AD-22B699CD473C}.Release|Any CPU.Build.0 = Release|Any CPU
		{EBF2009F-7339-4D16-AFD3-2BA280E96C4E}.Debug|Any CPU.ActiveCfg = Debug|Any CPU
		{EBF2009F-7339-4D16-AFD3-2BA280E96C4E}.Debug|Any CPU.Build.0 = Debug|Any CPU
		{EBF2009F-7339-4D16-AFD3-2BA280E96C4E}.Release|Any CPU.ActiveCfg = Release|Any CPU
		{EBF2009F-7339-4D16-AFD3-2BA280E96C4E}.Release|Any CPU.Build.0 = Release|Any CPU
		{7A698D6E-40D4-455D-ACE1-D03B6383C38E}.Debug|Any CPU.ActiveCfg = Debug|Any CPU
		{7A698D6E-40D4-455D-ACE1-D03B6383C38E}.Debug|Any CPU.Build.0 = Debug|Any CPU
		{7A698D6E-40D4-455D-ACE1-D03B6383C38E}.Release|Any CPU.ActiveCfg = Release|Any CPU
		{7A698D6E-40D4-455D-ACE1-D03B6383C38E}.Release|Any CPU.Build.0 = Release|Any CPU
		{561E028E-F28F-4EB6-9F0F-A3FE7B2AC984}.Debug|Any CPU.ActiveCfg = Debug|Any CPU
		{561E028E-F28F-4EB6-9F0F-A3FE7B2AC984}.Debug|Any CPU.Build.0 = Debug|Any CPU
		{561E028E-F28F-4EB6-9F0F-A3FE7B2AC984}.Release|Any CPU.ActiveCfg = Release|Any CPU
		{561E028E-F28F-4EB6-9F0F-A3FE7B2AC984}.Release|Any CPU.Build.0 = Release|Any CPU
		{87F0F398-9291-4F86-A54C-A249E027998A}.Debug|Any CPU.ActiveCfg = Debug|Any CPU
		{87F0F398-9291-4F86-A54C-A249E027998A}.Debug|Any CPU.Build.0 = Debug|Any CPU
		{87F0F398-9291-4F86-A54C-A249E027998A}.Release|Any CPU.ActiveCfg = Release|Any CPU
		{87F0F398-9291-4F86-A54C-A249E027998A}.Release|Any CPU.Build.0 = Release|Any CPU
		{41512B1D-787E-4663-8B8D-B2C776A2DD81}.Debug|Any CPU.ActiveCfg = Debug|Any CPU
		{41512B1D-787E-4663-8B8D-B2C776A2DD81}.Debug|Any CPU.Build.0 = Debug|Any CPU
		{41512B1D-787E-4663-8B8D-B2C776A2DD81}.Release|Any CPU.ActiveCfg = Release|Any CPU
		{41512B1D-787E-4663-8B8D-B2C776A2DD81}.Release|Any CPU.Build.0 = Release|Any CPU
		{C3A0F94A-9BD4-4C9A-8EA3-749602505F9E}.Debug|Any CPU.ActiveCfg = Debug|Any CPU
		{C3A0F94A-9BD4-4C9A-8EA3-749602505F9E}.Debug|Any CPU.Build.0 = Debug|Any CPU
		{C3A0F94A-9BD4-4C9A-8EA3-749602505F9E}.Release|Any CPU.ActiveCfg = Release|Any CPU
		{C3A0F94A-9BD4-4C9A-8EA3-749602505F9E}.Release|Any CPU.Build.0 = Release|Any CPU
		{C769676C-A6CB-49AB-96A2-308C437262E9}.Debug|Any CPU.ActiveCfg = Debug|Any CPU
		{C769676C-A6CB-49AB-96A2-308C437262E9}.Debug|Any CPU.Build.0 = Debug|Any CPU
		{C769676C-A6CB-49AB-96A2-308C437262E9}.Release|Any CPU.ActiveCfg = Release|Any CPU
		{C769676C-A6CB-49AB-96A2-308C437262E9}.Release|Any CPU.Build.0 = Release|Any CPU
		{1382372C-D30A-488E-BF3A-E2AA17F3B14D}.Debug|Any CPU.ActiveCfg = Debug|Any CPU
		{1382372C-D30A-488E-BF3A-E2AA17F3B14D}.Debug|Any CPU.Build.0 = Debug|Any CPU
		{1382372C-D30A-488E-BF3A-E2AA17F3B14D}.Release|Any CPU.ActiveCfg = Release|Any CPU
		{1382372C-D30A-488E-BF3A-E2AA17F3B14D}.Release|Any CPU.Build.0 = Release|Any CPU
		{EE3C865B-9567-4FD7-86D7-C6DCF0E59C5B}.Debug|Any CPU.ActiveCfg = Debug|Any CPU
		{EE3C865B-9567-4FD7-86D7-C6DCF0E59C5B}.Debug|Any CPU.Build.0 = Debug|Any CPU
		{EE3C865B-9567-4FD7-86D7-C6DCF0E59C5B}.Release|Any CPU.ActiveCfg = Release|Any CPU
		{EE3C865B-9567-4FD7-86D7-C6DCF0E59C5B}.Release|Any CPU.Build.0 = Release|Any CPU
		{13281ACF-2B0A-43DF-9306-8A221737E275}.Debug|Any CPU.ActiveCfg = Debug|Any CPU
		{13281ACF-2B0A-43DF-9306-8A221737E275}.Debug|Any CPU.Build.0 = Debug|Any CPU
		{13281ACF-2B0A-43DF-9306-8A221737E275}.Release|Any CPU.ActiveCfg = Release|Any CPU
		{13281ACF-2B0A-43DF-9306-8A221737E275}.Release|Any CPU.Build.0 = Release|Any CPU
		{234B8411-BAC8-46F0-A935-4161E3FCF969}.Debug|Any CPU.ActiveCfg = Debug|Any CPU
		{234B8411-BAC8-46F0-A935-4161E3FCF969}.Debug|Any CPU.Build.0 = Debug|Any CPU
		{234B8411-BAC8-46F0-A935-4161E3FCF969}.Release|Any CPU.ActiveCfg = Release|Any CPU
		{234B8411-BAC8-46F0-A935-4161E3FCF969}.Release|Any CPU.Build.0 = Release|Any CPU
		{45874D4A-4869-49A3-AF10-FFCA83E92622}.Debug|Any CPU.ActiveCfg = Debug|Any CPU
		{45874D4A-4869-49A3-AF10-FFCA83E92622}.Debug|Any CPU.Build.0 = Debug|Any CPU
		{45874D4A-4869-49A3-AF10-FFCA83E92622}.Release|Any CPU.ActiveCfg = Release|Any CPU
		{45874D4A-4869-49A3-AF10-FFCA83E92622}.Release|Any CPU.Build.0 = Release|Any CPU
	EndGlobalSection
	GlobalSection(SolutionProperties) = preSolution
		HideSolutionNode = FALSE
	EndGlobalSection
	GlobalSection(NestedProjects) = preSolution
		{EF519E54-71CB-4EB0-8A62-B27BD82BA9B4} = {BF474DF9-AC53-40C0-A55D-5C98E240D71C}
		{DFA7E9E5-32B3-4138-95CE-A1C4E106364B} = {EF519E54-71CB-4EB0-8A62-B27BD82BA9B4}
		{1B3F0F88-3359-4CE7-94C7-D8078C382E4C} = {BF474DF9-AC53-40C0-A55D-5C98E240D71C}
		{17C3E324-AA60-4A68-8498-B82E4CCA842E} = {1B3F0F88-3359-4CE7-94C7-D8078C382E4C}
		{6A9CBAF7-F96F-4CB8-BA8A-17366779B7FF} = {BF474DF9-AC53-40C0-A55D-5C98E240D71C}
		{033A6075-FA7C-40EC-8CE1-FECF0161483A} = {6A9CBAF7-F96F-4CB8-BA8A-17366779B7FF}
		{B834FE0F-F79D-47CC-BEC8-CC025B910729} = {6A9CBAF7-F96F-4CB8-BA8A-17366779B7FF}
		{77FDD905-19EF-4075-A1C0-4E5AC70C5619} = {6A9CBAF7-F96F-4CB8-BA8A-17366779B7FF}
		{0332533E-F0D9-449E-83AD-22B699CD473C} = {033A6075-FA7C-40EC-8CE1-FECF0161483A}
		{EBF2009F-7339-4D16-AFD3-2BA280E96C4E} = {033A6075-FA7C-40EC-8CE1-FECF0161483A}
		{7A698D6E-40D4-455D-ACE1-D03B6383C38E} = {B834FE0F-F79D-47CC-BEC8-CC025B910729}
		{561E028E-F28F-4EB6-9F0F-A3FE7B2AC984} = {77FDD905-19EF-4075-A1C0-4E5AC70C5619}
		{87F0F398-9291-4F86-A54C-A249E027998A} = {BC9F896E-F8CB-4939-86B1-C5CBD27A1752}
		{492F913F-9B3B-4C0A-A5C0-732DE9539419} = {BF474DF9-AC53-40C0-A55D-5C98E240D71C}
		{AABC299A-F9D6-4192-A83D-3910B92D7DD1} = {BF474DF9-AC53-40C0-A55D-5C98E240D71C}
		{41512B1D-787E-4663-8B8D-B2C776A2DD81} = {AABC299A-F9D6-4192-A83D-3910B92D7DD1}
		{C3A0F94A-9BD4-4C9A-8EA3-749602505F9E} = {AABC299A-F9D6-4192-A83D-3910B92D7DD1}
		{C769676C-A6CB-49AB-96A2-308C437262E9} = {AABC299A-F9D6-4192-A83D-3910B92D7DD1}
		{1382372C-D30A-488E-BF3A-E2AA17F3B14D} = {AABC299A-F9D6-4192-A83D-3910B92D7DD1}
		{EE3C865B-9567-4FD7-86D7-C6DCF0E59C5B} = {AABC299A-F9D6-4192-A83D-3910B92D7DD1}
		{90AB2D72-A977-47F1-AA6D-9AFBD897B22E} = {BF474DF9-AC53-40C0-A55D-5C98E240D71C}
		{13281ACF-2B0A-43DF-9306-8A221737E275} = {90AB2D72-A977-47F1-AA6D-9AFBD897B22E}
		{234B8411-BAC8-46F0-A935-4161E3FCF969} = {7FF156A6-3142-4E71-BEFC-2FD5927E4810}
		{45874D4A-4869-49A3-AF10-FFCA83E92622} = {7FF156A6-3142-4E71-BEFC-2FD5927E4810}
	EndGlobalSection
	GlobalSection(ExtensibilityGlobals) = postSolution
		SolutionGuid = {B3FDE977-8F7D-40F0-8367-94BF93EE388C}
	EndGlobalSection
EndGlobal
